
Microsoft Visual Studio Solution File, Format Version 12.00
# Visual Studio Version 17
VisualStudioVersion = 17.0.31903.59
MinimumVisualStudioVersion = 10.0.40219.1
Project("{FAE04EC0-301F-11D3-BF4B-00C04F79EFBC}") = "{{project_class_name}}.Api", "{{project_class_name}}.Api\{{project_class_name}}.Api.csproj", "{B533ECB2-4B5E-426F-B185-78FA542CC804}"
EndProject
Project("{FAE04EC0-301F-11D3-BF4B-00C04F79EFBC}") = "{{project_class_name}}.Api.Tests.Unit", "{{project_class_name}}.Api.Tests.Unit\{{project_class_name}}.Api.Tests.Unit.csproj", "{5C20ACE3-EE18-491D-9138-D6F57410B0D6}"
EndProject
Global
	GlobalSection(SolutionConfigurationPlatforms) = preSolution
		Debug|Any CPU = Debug|Any CPU
		Release|Any CPU = Release|Any CPU
	EndGlobalSection
	GlobalSection(SolutionProperties) = preSolution
		HideSolutionNode = FALSE
	EndGlobalSection
	GlobalSection(ProjectConfigurationPlatforms) = postSolution
		{B533ECB2-4B5E-426F-B185-78FA542CC804}.Debug|Any CPU.ActiveCfg = Debug|Any CPU
		{B533ECB2-4B5E-426F-B185-78FA542CC804}.Debug|Any CPU.Build.0 = Debug|Any CPU
		{B533ECB2-4B5E-426F-B185-78FA542CC804}.Release|Any CPU.ActiveCfg = Release|Any CPU
		{B533ECB2-4B5E-426F-B185-78FA542CC804}.Release|Any CPU.Build.0 = Release|Any CPU
		{5C20ACE3-EE18-491D-9138-D6F57410B0D6}.Debug|Any CPU.ActiveCfg = Debug|Any CPU
		{5C20ACE3-EE18-491D-9138-D6F57410B0D6}.Debug|Any CPU.Build.0 = Debug|Any CPU
		{5C20ACE3-EE18-491D-9138-D6F57410B0D6}.Release|Any CPU.ActiveCfg = Release|Any CPU
		{5C20ACE3-EE18-491D-9138-D6F57410B0D6}.Release|Any CPU.Build.0 = Release|Any CPU
	EndGlobalSection
EndGlobal
